
Microsoft Visual Studio Solution File, Format Version 12.00
# Visual Studio Version 17
VisualStudioVersion = 17.13.35818.85 d17.13
MinimumVisualStudioVersion = 10.0.40219.1
Project("{FAE04EC0-301F-11D3-BF4B-00C04F79EFBC}") = "AutoUpload_API", "AutoUpload_API.csproj", "{9F174251-21E0-463A-BCD7-04D0C6AEFA48}"
EndProject
Global
	GlobalSection(SolutionConfigurationPlatforms) = preSolution
		Debug|Any CPU = Debug|Any CPU
		Release|Any CPU = Release|Any CPU
	EndGlobalSection
	GlobalSection(ProjectConfigurationPlatforms) = postSolution
		{9F174251-21E0-463A-BCD7-04D0C6AEFA48}.Debug|Any CPU.ActiveCfg = Debug|Any CPU
		{9F174251-21E0-463A-BCD7-04D0C6AEFA48}.Debug|Any CPU.Build.0 = Debug|Any CPU
		{9F174251-21E0-463A-BCD7-04D0C6AEFA48}.Release|Any CPU.ActiveCfg = Release|Any CPU
		{9F174251-21E0-463A-BCD7-04D0C6AEFA48}.Release|Any CPU.Build.0 = Release|Any CPU
	EndGlobalSection
	GlobalSection(SolutionProperties) = preSolution
		HideSolutionNode = FALSE
	EndGlobalSection
	GlobalSection(ExtensibilityGlobals) = postSolution
		SolutionGuid = {BE277F36-3C37-43F4-99FF-061FFAC2F1E2}
	EndGlobalSection
EndGlobal
